{
  "name": "fixture-lock",
  "lockfileVersion": 3,
  "requires": true,
  "packages": {
    "": {
      "name": "fixture-lock",
      "version": "1.0.0",
      "dependencies": {
        "bar": "^1.0.0"
      }
    },
    "node_modules/bar": {
      "version": "1.0.0",
      "resolved": "https://registry.npmjs.org/bar/-/bar-1.0.0.tgz",
      "dependencies": {
        "foo": "^2.0.0"
      }
    },
    "node_modules/bar/node_modules/foo": {
      "version": "2.1.0",
      "resolved": "https://registry.npmjs.org/foo/-/foo-2.1.0.tgz"
    },
    "node_modules/baz": {
      "version": "1.0.0",
      "resolved": "https://registry.npmjs.org/baz/-/baz-1.0.0.tgz",
      "dependencies": {
        "foo": "^1.0.0"
      }
    },
    "node_modules/baz/node_modules/foo": {
      "version": "1.0.0",
      "resolved": "https://registry.npmjs.org/foo/-/foo-1.0.0.tgz"
    },
    "node_modules/foo": {
      "version": "1.0.0",
      "resolved": "https://registry.npmjs.org/foo/-/foo-1.0.0.tgz"
    }
  }
}
